Microsoft Visual Studio Solution File, Format Version 12.00
# Visual Studio Version 17
VisualStudioVersion = 17.5.2.0
MinimumVisualStudioVersion = 10.0.40219.1
Project("{FAE04EC0-301F-11D3-BF4B-00C04F79EFBC}") = "TeguhJaya.Api", "TeguhJaya.Api.csproj", "{20CB28C7-2D3E-58D9-D386-519994D497C0}"
EndProject
Global
	GlobalSection(SolutionConfigurationPlatforms) = preSolution
		Debug|Any CPU = Debug|Any CPU
		Release|Any CPU = Release|Any CPU
	EndGlobalSection
	GlobalSection(ProjectConfigurationPlatforms) = postSolution
		{20CB28C7-2D3E-58D9-D386-519994D497C0}.Debug|Any CPU.ActiveCfg = Debug|Any CPU
		{20CB28C7-2D3E-58D9-D386-519994D497C0}.Debug|Any CPU.Build.0 = Debug|Any CPU
		{20CB28C7-2D3E-58D9-D386-519994D497C0}.Release|Any CPU.ActiveCfg = Release|Any CPU
		{20CB28C7-2D3E-58D9-D386-519994D497C0}.Release|Any CPU.Build.0 = Release|Any CPU
	EndGlobalSection
	GlobalSection(SolutionProperties) = preSolution
		HideSolutionNode = FALSE
	EndGlobalSection
	GlobalSection(ExtensibilityGlobals) = postSolution
		SolutionGuid = {57F4EBBC-96C5-4C33-818F-F7CBB1DF4E13}
	EndGlobalSection
EndGlobal
